// !$*UTF8*$!
{
	archiveVersion = 1;
	classes = {
	};
	objectVersion = 46;
	objects = {

/* Begin PBXBuildFile section */
		D45F59EF1B9A91F3006E65BD /* main.m in Sources */ = {isa = PBXBuildFile; fileRef = D45F59EE1B9A91F3006E65BD /* main.m */; };
		D45F59F21B9A91F3006E65BD /* AppDelegate.m in Sources */ = {isa = PBXBuildFile; fileRef = D45F59F11B9A91F3006E65BD /* AppDelegate.m */; };
		D45F59F51B9A91F3006E65BD /* OCRViewController.m in Sources */ = {isa = PBXBuildFile; fileRef = D45F59F41B9A91F3006E65BD /* OCRViewController.m */; };
		D45F59F81B9A91F3006E65BD /* Main.storyboard in Resources */ = {isa = PBXBuildFile; fileRef = D45F59F61B9A91F3006E65BD /* Main.storyboard */; };
		D45F59FA1B9A91F3006E65BD /* Images.xcassets in Resources */ = {isa = PBXBuildFile; fileRef = D45F59F91B9A91F3006E65BD /* Images.xcassets */; };
		D45F59FD1B9A91F3006E65BD /* LaunchScreen.xib in Resources */ = {isa = PBXBuildFile; fileRef = D45F59FB1B9A91F3006E65BD /* LaunchScreen.xib */; };
		D45F5A091B9A91F3006E65BD /* APStatsSolverTests.m in Sources */ = {isa = PBXBuildFile; fileRef = D45F5A081B9A91F3006E65BD /* APStatsSolverTests.m */; };
		D47B82151B9A95B800279229 /* tesseract-ocr-eng-data in Resources */ = {isa = PBXBuildFile; fileRef = D47B82141B9A95B800279229 /* tesseract-ocr-eng-data */; };
		D47B821A1B9A960300279229 /* SimAutomatorViewController.m in Sources */ = {isa = PBXBuildFile; fileRef = D47B82171B9A960300279229 /* SimAutomatorViewController.m */; };
		D47B821B1B9A960300279229 /* ViewSimulationResultsViewController.m in Sources */ = {isa = PBXBuildFile; fileRef = D47B82191B9A960300279229 /* ViewSimulationResultsViewController.m */; };
		D47B82201B9AA2AF00279229 /* CropImageViewController.m in Sources */ = {isa = PBXBuildFile; fileRef = D47B821F1B9AA2AF00279229 /* CropImageViewController.m */; };
		D47B82231B9AA5B300279229 /* CropRectDisplayView.m in Sources */ = {isa = PBXBuildFile; fileRef = D47B82221B9AA5B300279229 /* CropRectDisplayView.m */; };
		D49A12331B9B7BF4002AE03A /* CropViewController.storyboard in Resources */ = {isa = PBXBuildFile; fileRef = D49A12321B9B7BF4002AE03A /* CropViewController.storyboard */; };
		D49A12351B9B7FAB002AE03A /* CropImageView.xib in Resources */ = {isa = PBXBuildFile; fileRef = D49A12341B9B7FAB002AE03A /* CropImageView.xib */; };
		E3353DE214E0686F52248216 /* libPods-APStatsSolver.a in Frameworks */ = {isa = PBXBuildFile; fileRef = C3428F6111D5583147BA74F2 /* libPods-APStatsSolver.a */; };
/* End PBXBuildFile section */

/* Begin PBXContainerItemProxy section */
		D45F5A031B9A91F3006E65BD /* PBXContainerItemProxy */ = {
			isa = PBXContainerItemProxy;
			containerPortal = D45F59E11B9A91F3006E65BD /* Project object */;
			proxyType = 1;
			remoteGlobalIDString = D45F59E81B9A91F3006E65BD;
			remoteInfo = APStatsSolver;
		};
/* End PBXContainerItemProxy section */

/* Begin PBXFileReference section */
		446A66DADA986E13862AB932 /* Pods-APStatsSolver.release.xcconfig */ = {isa = PBXFileReference; includeInIndex = 1; lastKnownFileType = text.xcconfig; name = "Pods-APStatsSolver.release.xcconfig"; path = "Pods/Target Support Files/Pods-APStatsSolver/Pods-APStatsSolver.release.xcconfig"; sourceTree = "<group>"; };
		983655AADD333627DBD52186 /* Pods-APStatsSolver.debug.xcconfig */ = {isa = PBXFileReference; includeInIndex = 1; lastKnownFileType = text.xcconfig; name = "Pods-APStatsSolver.debug.xcconfig"; path = "Pods/Target Support Files/Pods-APStatsSolver/Pods-APStatsSolver.debug.xcconfig"; sourceTree = "<group>"; };
		C3428F6111D5583147BA74F2 /* libPods-APStatsSolver.a */ = {isa = PBXFileReference; explicitFileType = archive.ar; includeInIndex = 0; path = "libPods-APStatsSolver.a"; sourceTree = BUILT_PRODUCTS_DIR; };
		D45F59E91B9A91F3006E65BD /* APStatsSolver.app */ = {isa = PBXFileReference; explicitFileType = wrapper.application; includeInIndex = 0; path = APStatsSolver.app; sourceTree = BUILT_PRODUCTS_DIR; };
		D45F59ED1B9A91F3006E65BD /* Info.plist */ = {isa = PBXFileReference; lastKnownFileType = text.plist.xml; path = Info.plist; sourceTree = "<group>"; };
		D45F59EE1B9A91F3006E65BD /* main.m */ = {isa = PBXFileReference; lastKnownFileType = sourcecode.c.objc; path = main.m; sourceTree = "<group>"; };
		D45F59F01B9A91F3006E65BD /* AppDelegate.h */ = {isa = PBXFileReference; lastKnownFileType = sourcecode.c.h; path = AppDelegate.h; sourceTree = "<group>"; };
		D45F59F11B9A91F3006E65BD /* AppDelegate.m */ = {isa = PBXFileReference; lastKnownFileType = sourcecode.c.objc; path = AppDelegate.m; sourceTree = "<group>"; };
		D45F59F31B9A91F3006E65BD /* OCRViewController.h */ = {isa = PBXFileReference; lastKnownFileType = sourcecode.c.h; path = OCRViewController.h; sourceTree = "<group>"; };
		D45F59F41B9A91F3006E65BD /* OCRViewController.m */ = {isa = PBXFileReference; lastKnownFileType = sourcecode.c.objc; path = OCRViewController.m; sourceTree = "<group>"; };
		D45F59F71B9A91F3006E65BD /* Base */ = {isa = PBXFileReference; lastKnownFileType = file.storyboard; name = Base; path = Base.lproj/Main.storyboard; sourceTree = "<group>"; };
		D45F59F91B9A91F3006E65BD /* Images.xcassets */ = {isa = PBXFileReference; lastKnownFileType = folder.assetcatalog; path = Images.xcassets; sourceTree = "<group>"; };
		D45F59FC1B9A91F3006E65BD /* Base */ = {isa = PBXFileReference; lastKnownFileType = file.xib; name = Base; path = Base.lproj/LaunchScreen.xib; sourceTree = "<group>"; };
		D45F5A021B9A91F3006E65BD /* APStatsSolverTests.xctest */ = {isa = PBXFileReference; explicitFileType = wrapper.cfbundle; includeInIndex = 0; path = APStatsSolverTests.xctest; sourceTree = BUILT_PRODUCTS_DIR; };
		D45F5A071B9A91F3006E65BD /* Info.plist */ = {isa = PBXFileReference; lastKnownFileType = text.plist.xml; path = Info.plist; sourceTree = "<group>"; };
		D45F5A081B9A91F3006E65BD /* APStatsSolverTests.m */ = {isa = PBXFileReference; lastKnownFileType = sourcecode.c.objc; path = APStatsSolverTests.m; sourceTree = "<group>"; };
		D47B82141B9A95B800279229 /* tesseract-ocr-eng-data */ = {isa = PBXFileReference; lastKnownFileType = folder; path = "tesseract-ocr-eng-data"; sourceTree = SOURCE_ROOT; };
		D47B82161B9A960300279229 /* SimAutomatorViewController.h */ = {isa = PBXFileReference; fileEncoding = 4; lastKnownFileType = sourcecode.c.h; path = SimAutomatorViewController.h; sourceTree = "<group>"; };
		D47B82171B9A960300279229 /* SimAutomatorViewController.m */ = {isa = PBXFileReference; fileEncoding = 4; lastKnownFileType = sourcecode.c.objc; path = SimAutomatorViewController.m; sourceTree = "<group>"; };
		D47B82181B9A960300279229 /* ViewSimulationResultsViewController.h */ = {isa = PBXFileReference; fileEncoding = 4; lastKnownFileType = sourcecode.c.h; path = ViewSimulationResultsViewController.h; sourceTree = "<group>"; };
		D47B82191B9A960300279229 /* ViewSimulationResultsViewController.m */ = {isa = PBXFileReference; fileEncoding = 4; lastKnownFileType = sourcecode.c.objc; path = ViewSimulationResultsViewController.m; sourceTree = "<group>"; };
		D47B821E1B9AA2AF00279229 /* CropImageViewController.h */ = {isa = PBXFileReference; fileEncoding = 4; lastKnownFileType = sourcecode.c.h; path = CropImageViewController.h; sourceTree = "<group>"; };
		D47B821F1B9AA2AF00279229 /* CropImageViewController.m */ = {isa = PBXFileReference; fileEncoding = 4; lastKnownFileType = sourcecode.c.objc; path = CropImageViewController.m; sourceTree = "<group>"; };
		D47B82211B9AA5B300279229 /* CropRectDisplayView.h */ = {isa = PBXFileReference; fileEncoding = 4; lastKnownFileType = sourcecode.c.h; path = CropRectDisplayView.h; sourceTree = "<group>"; };
		D47B82221B9AA5B300279229 /* CropRectDisplayView.m */ = {isa = PBXFileReference; fileEncoding = 4; lastKnownFileType = sourcecode.c.objc; path = CropRectDisplayView.m; sourceTree = "<group>"; };
		D49A12321B9B7BF4002AE03A /* CropViewController.storyboard */ = {isa = PBXFileReference; fileEncoding = 4; lastKnownFileType = file.storyboard; path = CropViewController.storyboard; sourceTree = "<group>"; };
		D49A12341B9B7FAB002AE03A /* CropImageView.xib */ = {isa = PBXFileReference; fileEncoding = 4; lastKnownFileType = file.xib; path = CropImageView.xib; sourceTree = "<group>"; };
/* End PBXFileReference section */

/* Begin PBXFrameworksBuildPhase section */
		D45F59E61B9A91F3006E65BD /* Frameworks */ = {
			isa = PBXFrameworksBuildPhase;
			buildActionMask = 2147483647;
			files = (
				E3353DE214E0686F52248216 /* libPods-APStatsSolver.a in Frameworks */,
			);
			runOnlyForDeploymentPostprocessing = 0;
		};
		D45F59FF1B9A91F3006E65BD /* Frameworks */ = {
			isa = PBXFrameworksBuildPhase;
			buildActionMask = 2147483647;
			files = (
			);
			runOnlyForDeploymentPostprocessing = 0;
		};
/* End PBXFrameworksBuildPhase section */

/* Begin PBXGroup section */
		BAD52952107315ED6E2C6B01 /* Frameworks */ = {
			isa = PBXGroup;
			children = (
				C3428F6111D5583147BA74F2 /* libPods-APStatsSolver.a */,
			);
			name = Frameworks;
			sourceTree = "<group>";
		};
		CE1942EC615EABC105CA345A /* Pods */ = {
			isa = PBXGroup;
			children = (
				983655AADD333627DBD52186 /* Pods-APStatsSolver.debug.xcconfig */,
				446A66DADA986E13862AB932 /* Pods-APStatsSolver.release.xcconfig */,
			);
			name = Pods;
			sourceTree = "<group>";
		};
		D45F59E01B9A91F3006E65BD = {
			isa = PBXGroup;
			children = (
				D45F59EB1B9A91F3006E65BD /* APStatsSolver */,
				D45F5A051B9A91F3006E65BD /* APStatsSolverTests */,
				D45F59EA1B9A91F3006E65BD /* Products */,
				CE1942EC615EABC105CA345A /* Pods */,
				BAD52952107315ED6E2C6B01 /* Frameworks */,
			);
			sourceTree = "<group>";
		};
		D45F59EA1B9A91F3006E65BD /* Products */ = {
			isa = PBXGroup;
			children = (
				D45F59E91B9A91F3006E65BD /* APStatsSolver.app */,
				D45F5A021B9A91F3006E65BD /* APStatsSolverTests.xctest */,
			);
			name = Products;
			sourceTree = "<group>";
		};
		D45F59EB1B9A91F3006E65BD /* APStatsSolver */ = {
			isa = PBXGroup;
			children = (
				D45F59F01B9A91F3006E65BD /* AppDelegate.h */,
				D45F59F11B9A91F3006E65BD /* AppDelegate.m */,
				D45F59F31B9A91F3006E65BD /* OCRViewController.h */,
				D45F59F41B9A91F3006E65BD /* OCRViewController.m */,
				D47B82161B9A960300279229 /* SimAutomatorViewController.h */,
				D47B82171B9A960300279229 /* SimAutomatorViewController.m */,
				D4B924901B9B713600C0C1D4 /* Image cropping */,
				D47B82181B9A960300279229 /* ViewSimulationResultsViewController.h */,
				D47B82191B9A960300279229 /* ViewSimulationResultsViewController.m */,
				D45F59F61B9A91F3006E65BD /* Main.storyboard */,
				D45F59F91B9A91F3006E65BD /* Images.xcassets */,
				D45F59FB1B9A91F3006E65BD /* LaunchScreen.xib */,
				D45F59EC1B9A91F3006E65BD /* Supporting Files */,
			);
			path = APStatsSolver;
			sourceTree = "<group>";
		};
		D45F59EC1B9A91F3006E65BD /* Supporting Files */ = {
			isa = PBXGroup;
			children = (
				D45F59ED1B9A91F3006E65BD /* Info.plist */,
				D47B82141B9A95B800279229 /* tesseract-ocr-eng-data */,
				D45F59EE1B9A91F3006E65BD /* main.m */,
			);
			name = "Supporting Files";
			sourceTree = "<group>";
		};
		D45F5A051B9A91F3006E65BD /* APStatsSolverTests */ = {
			isa = PBXGroup;
			children = (
				D45F5A081B9A91F3006E65BD /* APStatsSolverTests.m */,
				D45F5A061B9A91F3006E65BD /* Supporting Files */,
			);
			path = APStatsSolverTests;
			sourceTree = "<group>";
		};
		D45F5A061B9A91F3006E65BD /* Supporting Files */ = {
			isa = PBXGroup;
			children = (
				D45F5A071B9A91F3006E65BD /* Info.plist */,
			);
			name = "Supporting Files";
			sourceTree = "<group>";
		};
		D4B924901B9B713600C0C1D4 /* Image cropping */ = {
			isa = PBXGroup;
			children = (
				D47B821E1B9AA2AF00279229 /* CropImageViewController.h */,
				D47B821F1B9AA2AF00279229 /* CropImageViewController.m */,
				D49A12341B9B7FAB002AE03A /* CropImageView.xib */,
				D47B82211B9AA5B300279229 /* CropRectDisplayView.h */,
				D47B82221B9AA5B300279229 /* CropRectDisplayView.m */,
				D49A12321B9B7BF4002AE03A /* CropViewController.storyboard */,
			);
			name = "Image cropping";
			sourceTree = "<group>";
		};
/* End PBXGroup section */

/* Begin PBXNativeTarget section */
		D45F59E81B9A91F3006E65BD /* APStatsSolver */ = {
			isa = PBXNativeTarget;
			buildConfigurationList = D45F5A0C1B9A91F3006E65BD /* Build configuration list for PBXNativeTarget "APStatsSolver" */;
			buildPhases = (
				6349225CE1EBFA5C6DB1BD09 /* Check Pods Manifest.lock */,
				D45F59E51B9A91F3006E65BD /* Sources */,
				D45F59E61B9A91F3006E65BD /* Frameworks */,
				D45F59E71B9A91F3006E65BD /* Resources */,
				4B3CE1B664DA634D458B576C /* Copy Pods Resources */,
				D4B9248F1B9ABD7D00C0C1D4 /* ShellScript */,
			);
			buildRules = (
			);
			dependencies = (
			);
			name = APStatsSolver;
			productName = APStatsSolver;
			productReference = D45F59E91B9A91F3006E65BD /* APStatsSolver.app */;
			productType = "com.apple.product-type.application";
		};
		D45F5A011B9A91F3006E65BD /* APStatsSolverTests */ = {
			isa = PBXNativeTarget;
			buildConfigurationList = D45F5A0F1B9A91F3006E65BD /* Build configuration list for PBXNativeTarget "APStatsSolverTests" */;
			buildPhases = (
				D45F59FE1B9A91F3006E65BD /* Sources */,
				D45F59FF1B9A91F3006E65BD /* Frameworks */,
				D45F5A001B9A91F3006E65BD /* Resources */,
			);
			buildRules = (
			);
			dependencies = (
				D45F5A041B9A91F3006E65BD /* PBXTargetDependency */,
			);
			name = APStatsSolverTests;
			productName = APStatsSolverTests;
			productReference = D45F5A021B9A91F3006E65BD /* APStatsSolverTests.xctest */;
			productType = "com.apple.product-type.bundle.unit-test";
		};
/* End PBXNativeTarget section */

/* Begin PBXProject section */
		D45F59E11B9A91F3006E65BD /* Project object */ = {
			isa = PBXProject;
			attributes = {
				LastUpgradeCheck = 0640;
				ORGANIZATIONNAME = "Skyler Arnold";
				TargetAttributes = {
					D45F59E81B9A91F3006E65BD = {
						CreatedOnToolsVersion = 6.4;
						DevelopmentTeam = 4D9GX636ZZ;
					};
					D45F5A011B9A91F3006E65BD = {
						CreatedOnToolsVersion = 6.4;
						TestTargetID = D45F59E81B9A91F3006E65BD;
					};
				};
			};
			buildConfigurationList = D45F59E41B9A91F3006E65BD /* Build configuration list for PBXProject "APStatsSolver" */;
			compatibilityVersion = "Xcode 3.2";
			developmentRegion = English;
			hasScannedForEncodings = 0;
			knownRegions = (
				en,
				Base,
			);
			mainGroup = D45F59E01B9A91F3006E65BD;
			productRefGroup = D45F59EA1B9A91F3006E65BD /* Products */;
			projectDirPath = "";
			projectRoot = "";
			targets = (
				D45F59E81B9A91F3006E65BD /* APStatsSolver */,
				D45F5A011B9A91F3006E65BD /* APStatsSolverTests */,
			);
		};
/* End PBXProject section */

/* Begin PBXResourcesBuildPhase section */
		D45F59E71B9A91F3006E65BD /* Resources */ = {
			isa = PBXResourcesBuildPhase;
			buildActionMask = 2147483647;
			files = (
				D49A12351B9B7FAB002AE03A /* CropImageView.xib in Resources */,
				D45F59F81B9A91F3006E65BD /* Main.storyboard in Resources */,
				D45F59FD1B9A91F3006E65BD /* LaunchScreen.xib in Resources */,
				D49A12331B9B7BF4002AE03A /* CropViewController.storyboard in Resources */,
				D45F59FA1B9A91F3006E65BD /* Images.xcassets in Resources */,
				D47B82151B9A95B800279229 /* tesseract-ocr-eng-data in Resources */,
			);
			runOnlyForDeploymentPostprocessing = 0;
		};
		D45F5A001B9A91F3006E65BD /* Resources */ = {
			isa = PBXResourcesBuildPhase;
			buildActionMask = 2147483647;
			files = (
			);
			runOnlyForDeploymentPostprocessing = 0;
		};
/* End PBXResourcesBuildPhase section */

/* Begin PBXShellScriptBuildPhase section */
		4B3CE1B664DA634D458B576C /* Copy Pods Resources */ = {
			isa = PBXShellScriptBuildPhase;
			buildActionMask = 2147483647;
			files = (
			);
			inputPaths = (
			);
			name = "Copy Pods Resources";
			outputPaths = (
			);
			runOnlyForDeploymentPostprocessing = 0;
			shellPath = /bin/sh;
			shellScript = "\"${SRCROOT}/Pods/Target Support Files/Pods-APStatsSolver/Pods-APStatsSolver-resources.sh\"\n";
			showEnvVarsInLog = 0;
		};
		6349225CE1EBFA5C6DB1BD09 /* Check Pods Manifest.lock */ = {
			isa = PBXShellScriptBuildPhase;
			buildActionMask = 2147483647;
			files = (
			);
			inputPaths = (
			);
			name = "Check Pods Manifest.lock";
			outputPaths = (
			);
			runOnlyForDeploymentPostprocessing = 0;
			shellPath = /bin/sh;
			shellScript = "diff \"${PODS_ROOT}/../Podfile.lock\" \"${PODS_ROOT}/Manifest.lock\" > /dev/null\nif [[ $? != 0 ]] ; then\n    cat << EOM\nerror: The sandbox is not in sync with the Podfile.lock. Run 'pod install' or update your CocoaPods installation.\nEOM\n    exit 1\nfi\n";
			showEnvVarsInLog = 0;
		};
		D4B9248F1B9ABD7D00C0C1D4 /* ShellScript */ = {
			isa = PBXShellScriptBuildPhase;
			buildActionMask = 2147483647;
			files = (
			);
			inputPaths = (
			);
			outputPaths = (
			);
			runOnlyForDeploymentPostprocessing = 0;
			shellPath = /bin/sh;
			shellScript = "\"${PODS_ROOT}/Fabric/Fabric.framework/run\" c557cdd9489c6f7f599d82abcf26cfc111cccc84 99e880363b4ef340a658e293e3341e149fabc23b91b0685a222bcc9c95f0a6e7";
		};
/* End PBXShellScriptBuildPhase section */

/* Begin PBXSourcesBuildPhase section */
		D45F59E51B9A91F3006E65BD /* Sources */ = {
			isa = PBXSourcesBuildPhase;
			buildActionMask = 2147483647;
			files = (
				D47B82201B9AA2AF00279229 /* CropImageViewController.m in Sources */,
				D45F59F51B9A91F3006E65BD /* OCRViewController.m in Sources */,
				D47B821B1B9A960300279229 /* ViewSimulationResultsViewController.m in Sources */,
				D47B82231B9AA5B300279229 /* CropRectDisplayView.m in Sources */,
				D45F59F21B9A91F3006E65BD /* AppDelegate.m in Sources */,
				D45F59EF1B9A91F3006E65BD /* main.m in Sources */,
				D47B821A1B9A960300279229 /* SimAutomatorViewController.m in Sources */,
			);
			runOnlyForDeploymentPostprocessing = 0;
		};
		D45F59FE1B9A91F3006E65BD /* Sources */ = {
			isa = PBXSourcesBuildPhase;
			buildActionMask = 2147483647;
			files = (
				D45F5A091B9A91F3006E65BD /* APStatsSolverTests.m in Sources */,
			);
			runOnlyForDeploymentPostprocessing = 0;
		};
/* End PBXSourcesBuildPhase section */

/* Begin PBXTargetDependency section */
		D45F5A041B9A91F3006E65BD /* PBXTargetDependency */ = {
			isa = PBXTargetDependency;
			target = D45F59E81B9A91F3006E65BD /* APStatsSolver */;
			targetProxy = D45F5A031B9A91F3006E65BD /* PBXContainerItemProxy */;
		};
/* End PBXTargetDependency section */

/* Begin PBXVariantGroup section */
		D45F59F61B9A91F3006E65BD /* Main.storyboard */ = {
			isa = PBXVariantGroup;
			children = (
				D45F59F71B9A91F3006E65BD /* Base */,
			);
			name = Main.storyboard;
			sourceTree = "<group>";
		};
		D45F59FB1B9A91F3006E65BD /* LaunchScreen.xib */ = {
			isa = PBXVariantGroup;
			children = (
				D45F59FC1B9A91F3006E65BD /* Base */,
			);
			name = LaunchScreen.xib;
			sourceTree = "<group>";
		};
/* End PBXVariantGroup section */

/* Begin XCBuildConfiguration section */
		D45F5A0A1B9A91F3006E65BD /* Debug */ = {
			isa = XCBuildConfiguration;
			buildSettings = {
				ALWAYS_SEARCH_USER_PATHS = NO;
				CLANG_CXX_LANGUAGE_STANDARD = "gnu++0x";
				CLANG_CXX_LIBRARY = "libc++";
				CLANG_ENABLE_MODULES = YES;
				CLANG_ENABLE_OBJC_ARC = YES;
				CLANG_WARN_BOOL_CONVERSION = YES;
				CLANG_WARN_CONSTANT_CONVERSION = YES;
				CLANG_WARN_DIRECT_OBJC_ISA_USAGE = YES_ERROR;
				CLANG_WARN_EMPTY_BODY = YES;
				CLANG_WARN_ENUM_CONVERSION = YES;
				CLANG_WARN_INT_CONVERSION = YES;
				CLANG_WARN_OBJC_ROOT_CLASS = YES_ERROR;
				CLANG_WARN_UNREACHABLE_CODE = YES;
				CLANG_WARN__DUPLICATE_METHOD_MATCH = YES;
				"CODE_SIGN_IDENTITY[sdk=iphoneos*]" = "iPhone Developer";
				COPY_PHASE_STRIP = NO;
				DEBUG_INFORMATION_FORMAT = "dwarf-with-dsym";
				ENABLE_STRICT_OBJC_MSGSEND = YES;
				GCC_C_LANGUAGE_STANDARD = gnu99;
				GCC_DYNAMIC_NO_PIC = NO;
				GCC_NO_COMMON_BLOCKS = YES;
				GCC_OPTIMIZATION_LEVEL = 0;
				GCC_PREPROCESSOR_DEFINITIONS = (
					"DEBUG=1",
					"$(inherited)",
				);
				GCC_SYMBOLS_PRIVATE_EXTERN = NO;
				GCC_WARN_64_TO_32_BIT_CONVERSION = YES;
				GCC_WARN_ABOUT_RETURN_TYPE = YES_ERROR;
				GCC_WARN_UNDECLARED_SELECTOR = YES;
				GCC_WARN_UNINITIALIZED_AUTOS = YES_AGGRESSIVE;
				GCC_WARN_UNUSED_FUNCTION = YES;
				GCC_WARN_UNUSED_VARIABLE = YES;
				IPHONEOS_DEPLOYMENT_TARGET = 8.4;
				MTL_ENABLE_DEBUG_INFO = YES;
				ONLY_ACTIVE_ARCH = YES;
				SDKROOT = iphoneos;
				TARGETED_DEVICE_FAMILY = "1,2";
			};
			name = Debug;
		};
		D45F5A0B1B9A91F3006E65BD /* Release */ = {
			isa = XCBuildConfiguration;
			buildSettings = {
				ALWAYS_SEARCH_USER_PATHS = NO;
				CLANG_CXX_LANGUAGE_STANDARD = "gnu++0x";
				CLANG_CXX_LIBRARY = "libc++";
				CLANG_ENABLE_MODULES = YES;
				CLANG_ENABLE_OBJC_ARC = YES;
				CLANG_WARN_BOOL_CONVERSION = YES;
				CLANG_WARN_CONSTANT_CONVERSION = YES;
				CLANG_WARN_DIRECT_OBJC_ISA_USAGE = YES_ERROR;
				CLANG_WARN_EMPTY_BODY = YES;
				CLANG_WARN_ENUM_CONVERSION = YES;
				CLANG_WARN_INT_CONVERSION = YES;
				CLANG_WARN_OBJC_ROOT_CLASS = YES_ERROR;
				CLANG_WARN_UNREACHABLE_CODE = YES;
				CLANG_WARN__DUPLICATE_METHOD_MATCH = YES;
				"CODE_SIGN_IDENTITY[sdk=iphoneos*]" = "iPhone Developer";
				COPY_PHASE_STRIP = NO;
				DEBUG_INFORMATION_FORMAT = "dwarf-with-dsym";
				ENABLE_NS_ASSERTIONS = NO;
				ENABLE_STRICT_OBJC_MSGSEND = YES;
				GCC_C_LANGUAGE_STANDARD = gnu99;
				GCC_NO_COMMON_BLOCKS = YES;
				GCC_WARN_64_TO_32_BIT_CONVERSION = YES;
				GCC_WARN_ABOUT_RETURN_TYPE = YES_ERROR;
				GCC_WARN_UNDECLARED_SELECTOR = YES;
				GCC_WARN_UNINITIALIZED_AUTOS = YES_AGGRESSIVE;
				GCC_WARN_UNUSED_FUNCTION = YES;
				GCC_WARN_UNUSED_VARIABLE = YES;
				IPHONEOS_DEPLOYMENT_TARGET = 8.4;
				MTL_ENABLE_DEBUG_INFO = NO;
				SDKROOT = iphoneos;
				TARGETED_DEVICE_FAMILY = "1,2";
				VALIDATE_PRODUCT = YES;
			};
			name = Release;
		};
		D45F5A0D1B9A91F3006E65BD /* Debug */ = {
			isa = XCBuildConfiguration;
			baseConfigurationReference = 983655AADD333627DBD52186 /* Pods-APStatsSolver.debug.xcconfig */;
			buildSettings = {
				ASSETCATALOG_COMPILER_APPICON_NAME = AppIcon;
				CODE_SIGN_IDENTITY = "iPhone Developer";
				INFOPLIST_FILE = APStatsSolver/Info.plist;
				LD_RUNPATH_SEARCH_PATHS = "$(inherited) @executable_path/Frameworks";
				PRODUCT_NAME = "$(TARGET_NAME)";
			};
			name = Debug;
		};
		D45F5A0E1B9A91F3006E65BD /* Release */ = {
			isa = XCBuildConfiguration;
			baseConfigurationReference = 446A66DADA986E13862AB932 /* Pods-APStatsSolver.release.xcconfig */;
			buildSettings = {
				ASSETCATALOG_COMPILER_APPICON_NAME = AppIcon;
				CODE_SIGN_IDENTITY = "iPhone Developer";
				INFOPLIST_FILE = APStatsSolver/Info.plist;
				LD_RUNPATH_SEARCH_PATHS = "$(inherited) @executable_path/Frameworks";
				PRODUCT_NAME = "$(TARGET_NAME)";
			};
			name = Release;
		};
		D45F5A101B9A91F3006E65BD /* Debug */ = {
			isa = XCBuildConfiguration;
			buildSettings = {
				BUNDLE_LOADER = "$(TEST_HOST)";
				FRAMEWORK_SEARCH_PATHS = (
					"$(SDKROOT)/Developer/Library/Frameworks",
					"$(inherited)",
				);
				GCC_PREPROCESSOR_DEFINITIONS = (
					"DEBUG=1",
					"$(inherited)",
				);
				INFOPLIST_FILE = APStatsSolverTests/Info.plist;
				LD_RUNPATH_SEARCH_PATHS = "$(inherited) @executable_path/Frameworks @loader_path/Frameworks";
				PRODUCT_NAME = "$(TARGET_NAME)";
				TEST_HOST = "$(BUILT_PRODUCTS_DIR)/APStatsSolver.app/APStatsSolver";
			};
			name = Debug;
		};
		D45F5A111B9A91F3006E65BD /* Release */ = {
			isa = XCBuildConfiguration;
			buildSettings = {
				BUNDLE_LOADER = "$(TEST_HOST)";
				FRAMEWORK_SEARCH_PATHS = (
					"$(SDKROOT)/Developer/Library/Frameworks",
					"$(inherited)",
				);
				INFOPLIST_FILE = APStatsSolverTests/Info.plist;
				LD_RUNPATH_SEARCH_PATHS = "$(inherited) @executable_path/Frameworks @loader_path/Frameworks";
				PRODUCT_NAME = "$(TARGET_NAME)";
				TEST_HOST = "$(BUILT_PRODUCTS_DIR)/APStatsSolver.app/APStatsSolver";
			};
			name = Release;
		};
/* End XCBuildConfiguration section */

/* Begin XCConfigurationList section */
		D45F59E41B9A91F3006E65BD /* Build configuration list for PBXProject "APStatsSolver" */ = {
			isa = XCConfigurationList;
			buildConfigurations = (
				D45F5A0A1B9A91F3006E65BD /* Debug */,
				D45F5A0B1B9A91F3006E65BD /* Release */,
			);
			defaultConfigurationIsVisible = 0;
			defaultConfigurationName = Release;
		};
		D45F5A0C1B9A91F3006E65BD /* Build configuration list for PBXNativeTarget "APStatsSolver" */ = {
			isa = XCConfigurationList;
			buildConfigurations = (
				D45F5A0D1B9A91F3006E65BD /* Debug */,
				D45F5A0E1B9A91F3006E65BD /* Release */,
			);
			defaultConfigurationIsVisible = 0;
			defaultConfigurationName = Release;
		};
		D45F5A0F1B9A91F3006E65BD /* Build configuration list for PBXNativeTarget "APStatsSolverTests" */ = {
			isa = XCConfigurationList;
			buildConfigurations = (
				D45F5A101B9A91F3006E65BD /* Debug */,
				D45F5A111B9A91F3006E65BD /* Release */,
			);
			defaultConfigurationIsVisible = 0;
			defaultConfigurationName = Release;
		};
/* End XCConfigurationList section */
	};
	rootObject = D45F59E11B9A91F3006E65BD /* Project object */;
}
